
Microsoft Visual Studio Solution File, Format Version 12.00
# Visual Studio Version 17
VisualStudioVersion = 17.10.35013.160
MinimumVisualStudioVersion = 10.0.40219.1
Project("{2150E333-8FDC-42A3-9474-1A3956D46DE8}") = "Services", "Services", "{432A40BF-07E3-4800-99C2-3FC4EE0F6A44}"
EndProject
Project("{2150E333-8FDC-42A3-9474-1A3956D46DE8}") = "Catalog", "Catalog", "{6CC1F67D-33F6-4A4F-8775-B1ED56100AC6}"
EndProject
Project("{9A19103F-16F7-4668-BE54-9A1E7A4F7556}") = "Catalog.API", "Services\Catalog\Catalog.API\Catalog.API.csproj", "{B3669D44-079D-40A6-AE92-86CB3632F2D6}"
EndProject
Project("{2150E333-8FDC-42A3-9474-1A3956D46DE8}") = "BuildingBlocks", "BuildingBlocks", "{6B5EE5F6-66DB-4958-BA4A-4753F095C519}"
EndProject
Project("{9A19103F-16F7-4668-BE54-9A1E7A4F7556}") = "BuildingBlocks", "BuildingBlocks\BuildingBlocks\BuildingBlocks.csproj", "{48997D68-23D4-41BC-8BA6-BD5CF74FAE26}"
EndProject
Project("{E53339B2-1760-4266-BCC7-CA923CBCF16C}") = "docker-compose", "docker-compose.dcproj", "{4A9A032A-EDAD-489F-A521-60A4A16CDC53}"
EndProject
Project("{2150E333-8FDC-42A3-9474-1A3956D46DE8}") = "Basket", "Basket", "{8F408D8D-1E7C-4D01-8D20-F58B2A5A30CA}"
EndProject
Project("{9A19103F-16F7-4668-BE54-9A1E7A4F7556}") = "Basket.API", "Services\Basket\Basket.API\Basket.API.csproj", "{8A3440D1-6712-467C-AFFF-545C6B7950B0}"
EndProject
Project("{2150E333-8FDC-42A3-9474-1A3956D46DE8}") = "Discount", "Discount", "{934410DB-90AF-47D4-9941-D5B7B9742488}"
EndProject
Project("{9A19103F-16F7-4668-BE54-9A1E7A4F7556}") = "Discount.Grpc", "Services\Discount\Discount.Grpc\Discount.Grpc.csproj", "{BE6CCFEF-4E3C-42AB-A130-D68A0C2CA4E3}"
EndProject
Project("{2150E333-8FDC-42A3-9474-1A3956D46DE8}") = "Ordering", "Ordering", "{714584C6-539C-4366-BABB-4A1E2E327CBB}"
EndProject
Project("{9A19103F-16F7-4668-BE54-9A1E7A4F7556}") = "Ordering.API", "Services\Ordering\Ordering.API\Ordering.API.csproj", "{A6023885-9DAD-4617-AF9C-93EB8D21A432}"
EndProject
Project("{9A19103F-16F7-4668-BE54-9A1E7A4F7556}") = "Ordering.Domain", "Services\Ordering\Ordering.Domain\Ordering.Domain.csproj", "{B01BF592-01DF-4D52-988C-556C96FF3A15}"
EndProject
Project("{9A19103F-16F7-4668-BE54-9A1E7A4F7556}") = "Ordering.Infrastructure", "Services\Ordering\Ordering.Infrastructure\Ordering.Infrastructure.csproj", "{A570E259-FB33-4970-9169-72F89FC28DA0}"
EndProject
Project("{9A19103F-16F7-4668-BE54-9A1E7A4F7556}") = "Ordering.Application", "Services\Ordering\Ordering.Application\Ordering.Application.csproj", "{3A68760F-C371-4E0A-A4C9-9EE6BC3AD973}"
EndProject
Project("{9A19103F-16F7-4668-BE54-9A1E7A4F7556}") = "BuildingBlocks.Messaging", "BuildingBlocks\BuildingBlocks.Messaging\BuildingBlocks.Messaging.csproj", "{E8F4FD77-CD8A-4F44-AB03-4C34EC3DF09F}"
EndProject
Project("{2150E333-8FDC-42A3-9474-1A3956D46DE8}") = "ApiGateways", "ApiGateways", "{55208F53-BC95-44F5-9254-4BD22819982C}"
EndProject
Project("{9A19103F-16F7-4668-BE54-9A1E7A4F7556}") = "YarpApiGateway", "ApiGateways\YarpApiGateway\YarpApiGateway.csproj", "{1075881D-8AE7-41E4-8ED1-268DAB21A02E}"
EndProject
Project("{2150E333-8FDC-42A3-9474-1A3956D46DE8}") = "WebApps", "WebApps", "{66EE5F1C-E57D-4C93-9F1E-9674F39020A7}"
EndProject
Project("{FAE04EC0-301F-11D3-BF4B-00C04F79EFBC}") = "Shopping.Web", "WebApps\Shopping.Web\Shopping.Web.csproj", "{9CB4DAFC-9D58-424B-AC37-0E2A5D5CC3E6}"
EndProject
Global
	GlobalSection(SolutionConfigurationPlatforms) = preSolution
		Debug|Any CPU = Debug|Any CPU
		Release|Any CPU = Release|Any CPU
	EndGlobalSection
	GlobalSection(ProjectConfigurationPlatforms) = postSolution
		{B3669D44-079D-40A6-AE92-86CB3632F2D6}.Debug|Any CPU.ActiveCfg = Debug|Any CPU
		{B3669D44-079D-40A6-AE92-86CB3632F2D6}.Debug|Any CPU.Build.0 = Debug|Any CPU
		{B3669D44-079D-40A6-AE92-86CB3632F2D6}.Release|Any CPU.ActiveCfg = Release|Any CPU
		{B3669D44-079D-40A6-AE92-86CB3632F2D6}.Release|Any CPU.Build.0 = Release|Any CPU
		{48997D68-23D4-41BC-8BA6-BD5CF74FAE26}.Debug|Any CPU.ActiveCfg = Debug|Any CPU
		{48997D68-23D4-41BC-8BA6-BD5CF74FAE26}.Debug|Any CPU.Build.0 = Debug|Any CPU
		{48997D68-23D4-41BC-8BA6-BD5CF74FAE26}.Release|Any CPU.ActiveCfg = Release|Any CPU
		{48997D68-23D4-41BC-8BA6-BD5CF74FAE26}.Release|Any CPU.Build.0 = Release|Any CPU
		{4A9A032A-EDAD-489F-A521-60A4A16CDC53}.Debug|Any CPU.ActiveCfg = Debug|Any CPU
		{4A9A032A-EDAD-489F-A521-60A4A16CDC53}.Debug|Any CPU.Build.0 = Debug|Any CPU
		{4A9A032A-EDAD-489F-A521-60A4A16CDC53}.Release|Any CPU.ActiveCfg = Release|Any CPU
		{4A9A032A-EDAD-489F-A521-60A4A16CDC53}.Release|Any CPU.Build.0 = Release|Any CPU
		{8A3440D1-6712-467C-AFFF-545C6B7950B0}.Debug|Any CPU.ActiveCfg = Debug|Any CPU
		{8A3440D1-6712-467C-AFFF-545C6B7950B0}.Debug|Any CPU.Build.0 = Debug|Any CPU
		{8A3440D1-6712-467C-AFFF-545C6B7950B0}.Release|Any CPU.ActiveCfg = Release|Any CPU
		{8A3440D1-6712-467C-AFFF-545C6B7950B0}.Release|Any CPU.Build.0 = Release|Any CPU
		{BE6CCFEF-4E3C-42AB-A130-D68A0C2CA4E3}.Debug|Any CPU.ActiveCfg = Debug|Any CPU
		{BE6CCFEF-4E3C-42AB-A130-D68A0C2CA4E3}.Debug|Any CPU.Build.0 = Debug|Any CPU
		{BE6CCFEF-4E3C-42AB-A130-D68A0C2CA4E3}.Release|Any CPU.ActiveCfg = Release|Any CPU
		{BE6CCFEF-4E3C-42AB-A130-D68A0C2CA4E3}.Release|Any CPU.Build.0 = Release|Any CPU
		{A6023885-9DAD-4617-AF9C-93EB8D21A432}.Debug|Any CPU.ActiveCfg = Debug|Any CPU
		{A6023885-9DAD-4617-AF9C-93EB8D21A432}.Debug|Any CPU.Build.0 = Debug|Any CPU
		{A6023885-9DAD-4617-AF9C-93EB8D21A432}.Release|Any CPU.ActiveCfg = Release|Any CPU
		{A6023885-9DAD-4617-AF9C-93EB8D21A432}.Release|Any CPU.Build.0 = Release|Any CPU
		{B01BF592-01DF-4D52-988C-556C96FF3A15}.Debug|Any CPU.ActiveCfg = Debug|Any CPU
		{B01BF592-01DF-4D52-988C-556C96FF3A15}.Debug|Any CPU.Build.0 = Debug|Any CPU
		{B01BF592-01DF-4D52-988C-556C96FF3A15}.Release|Any CPU.ActiveCfg = Release|Any CPU
		{B01BF592-01DF-4D52-988C-556C96FF3A15}.Release|Any CPU.Build.0 = Release|Any CPU
		{A570E259-FB33-4970-9169-72F89FC28DA0}.Debug|Any CPU.ActiveCfg = Debug|Any CPU
		{A570E259-FB33-4970-9169-72F89FC28DA0}.Debug|Any CPU.Build.0 = Debug|Any CPU
		{A570E259-FB33-4970-9169-72F89FC28DA0}.Release|Any CPU.ActiveCfg = Release|Any CPU
		{A570E259-FB33-4970-9169-72F89FC28DA0}.Release|Any CPU.Build.0 = Release|Any CPU
		{3A68760F-C371-4E0A-A4C9-9EE6BC3AD973}.Debug|Any CPU.ActiveCfg = Debug|Any CPU
		{3A68760F-C371-4E0A-A4C9-9EE6BC3AD973}.Debug|Any CPU.Build.0 = Debug|Any CPU
		{3A68760F-C371-4E0A-A4C9-9EE6BC3AD973}.Release|Any CPU.ActiveCfg = Release|Any CPU
		{3A68760F-C371-4E0A-A4C9-9EE6BC3AD973}.Release|Any CPU.Build.0 = Release|Any CPU
		{E8F4FD77-CD8A-4F44-AB03-4C34EC3DF09F}.Debug|Any CPU.ActiveCfg = Debug|Any CPU
		{E8F4FD77-CD8A-4F44-AB03-4C34EC3DF09F}.Debug|Any CPU.Build.0 = Debug|Any CPU
		{E8F4FD77-CD8A-4F44-AB03-4C34EC3DF09F}.Release|Any CPU.ActiveCfg = Release|Any CPU
		{E8F4FD77-CD8A-4F44-AB03-4C34EC3DF09F}.Release|Any CPU.Build.0 = Release|Any CPU
		{1075881D-8AE7-41E4-8ED1-268DAB21A02E}.Debug|Any CPU.ActiveCfg = Debug|Any CPU
		{1075881D-8AE7-41E4-8ED1-268DAB21A02E}.Debug|Any CPU.Build.0 = Debug|Any CPU
		{1075881D-8AE7-41E4-8ED1-268DAB21A02E}.Release|Any CPU.ActiveCfg = Release|Any CPU
		{1075881D-8AE7-41E4-8ED1-268DAB21A02E}.Release|Any CPU.Build.0 = Release|Any CPU
		{9CB4DAFC-9D58-424B-AC37-0E2A5D5CC3E6}.Debug|Any CPU.ActiveCfg = Debug|Any CPU
		{9CB4DAFC-9D58-424B-AC37-0E2A5D5CC3E6}.Debug|Any CPU.Build.0 = Debug|Any CPU
		{9CB4DAFC-9D58-424B-AC37-0E2A5D5CC3E6}.Release|Any CPU.ActiveCfg = Release|Any CPU
		{9CB4DAFC-9D58-424B-AC37-0E2A5D5CC3E6}.Release|Any CPU.Build.0 = Release|Any CPU
	EndGlobalSection
	GlobalSection(SolutionProperties) = preSolution
		HideSolutionNode = FALSE
	EndGlobalSection
	GlobalSection(NestedProjects) = preSolution
		{6CC1F67D-33F6-4A4F-8775-B1ED56100AC6} = {432A40BF-07E3-4800-99C2-3FC4EE0F6A44}
		{B3669D44-079D-40A6-AE92-86CB3632F2D6} = {6CC1F67D-33F6-4A4F-8775-B1ED56100AC6}
		{48997D68-23D4-41BC-8BA6-BD5CF74FAE26} = {6B5EE5F6-66DB-4958-BA4A-4753F095C519}
		{8F408D8D-1E7C-4D01-8D20-F58B2A5A30CA} = {432A40BF-07E3-4800-99C2-3FC4EE0F6A44}
		{8A3440D1-6712-467C-AFFF-545C6B7950B0} = {8F408D8D-1E7C-4D01-8D20-F58B2A5A30CA}
		{934410DB-90AF-47D4-9941-D5B7B9742488} = {432A40BF-07E3-4800-99C2-3FC4EE0F6A44}
		{BE6CCFEF-4E3C-42AB-A130-D68A0C2CA4E3} = {934410DB-90AF-47D4-9941-D5B7B9742488}
		{714584C6-539C-4366-BABB-4A1E2E327CBB} = {432A40BF-07E3-4800-99C2-3FC4EE0F6A44}
		{A6023885-9DAD-4617-AF9C-93EB8D21A432} = {714584C6-539C-4366-BABB-4A1E2E327CBB}
		{B01BF592-01DF-4D52-988C-556C96FF3A15} = {714584C6-539C-4366-BABB-4A1E2E327CBB}
		{A570E259-FB33-4970-9169-72F89FC28DA0} = {714584C6-539C-4366-BABB-4A1E2E327CBB}
		{3A68760F-C371-4E0A-A4C9-9EE6BC3AD973} = {714584C6-539C-4366-BABB-4A1E2E327CBB}
		{E8F4FD77-CD8A-4F44-AB03-4C34EC3DF09F} = {6B5EE5F6-66DB-4958-BA4A-4753F095C519}
		{1075881D-8AE7-41E4-8ED1-268DAB21A02E} = {55208F53-BC95-44F5-9254-4BD22819982C}
		{9CB4DAFC-9D58-424B-AC37-0E2A5D5CC3E6} = {66EE5F1C-E57D-4C93-9F1E-9674F39020A7}
	EndGlobalSection
	GlobalSection(ExtensibilityGlobals) = postSolution
		SolutionGuid = {3E036D73-7277-4DCD-82AF-C558D4028570}
	EndGlobalSection
EndGlobal
